// !$*UTF8*$!
{
	archiveVersion = 1;
	classes = {
	};
	objectVersion = 46;
	objects = {

/* Begin PBXBuildFile section */
		CDFC762D1FEB809400CC1A58 /* AppDelegate.swift in Sources */ = {isa = PBXBuildFile; fileRef = CDFC762C1FEB809400CC1A58 /* AppDelegate.swift */; };
		CDFC76341FEB809400CC1A58 /* Main.storyboard in Resources */ = {isa = PBXBuildFile; fileRef = CDFC76321FEB809400CC1A58 /* Main.storyboard */; };
		CDFC76361FEB809400CC1A58 /* Assets.xcassets in Resources */ = {isa = PBXBuildFile; fileRef = CDFC76351FEB809400CC1A58 /* Assets.xcassets */; };
		CDFC76391FEB809400CC1A58 /* LaunchScreen.storyboard in Resources */ = {isa = PBXBuildFile; fileRef = CDFC76371FEB809400CC1A58 /* LaunchScreen.storyboard */; };
		CDFC76411FEE740200CC1A58 /* AddViewController.swift in Sources */ = {isa = PBXBuildFile; fileRef = CDFC76401FEE740200CC1A58 /* AddViewController.swift */; };
		CDFC76431FEE770D00CC1A58 /* MoneyTableViewController.swift in Sources */ = {isa = PBXBuildFile; fileRef = CDFC76421FEE770D00CC1A58 /* MoneyTableViewController.swift */; };
/* End PBXBuildFile section */

/* Begin PBXFileReference section */
		CDFC76291FEB809400CC1A58 /* JeonMiSeon_Final.app */ = {isa = PBXFileReference; explicitFileType = wrapper.application; includeInIndex = 0; path = JeonMiSeon_Final.app; sourceTree = BUILT_PRODUCTS_DIR; };
		CDFC762C1FEB809400CC1A58 /* AppDelegate.swift */ = {isa = PBXFileReference; lastKnownFileType = sourcecode.swift; path = AppDelegate.swift; sourceTree = "<group>"; };
		CDFC76331FEB809400CC1A58 /* Base */ = {isa = PBXFileReference; lastKnownFileType = file.storyboard; name = Base; path = Base.lproj/Main.storyboard; sourceTree = "<group>"; };
		CDFC76351FEB809400CC1A58 /* Assets.xcassets */ = {isa = PBXFileReference; lastKnownFileType = folder.assetcatalog; path = Assets.xcassets; sourceTree = "<group>"; };
		CDFC76381FEB809400CC1A58 /* Base */ = {isa = PBXFileReference; lastKnownFileType = file.storyboard; name = Base; path = Base.lproj/LaunchScreen.storyboard; sourceTree = "<group>"; };
		CDFC763A1FEB809400CC1A58 /* Info.plist */ = {isa = PBXFileReference; lastKnownFileType = text.plist.xml; path = Info.plist; sourceTree = "<group>"; };
		CDFC76401FEE740200CC1A58 /* AddViewController.swift */ = {isa = PBXFileReference; fileEncoding = 4; lastKnownFileType = sourcecode.swift; path = AddViewController.swift; sourceTree = "<group>"; };
		CDFC76421FEE770D00CC1A58 /* MoneyTableViewController.swift */ = {isa = PBXFileReference; fileEncoding = 4; lastKnownFileType = sourcecode.swift; path = MoneyTableViewController.swift; sourceTree = "<group>"; };
/* End PBXFileReference section */

/* Begin PBXFrameworksBuildPhase section */
		CDFC76261FEB809400CC1A58 /* Frameworks */ = {
			isa = PBXFrameworksBuildPhase;
			buildActionMask = 2147483647;
			files = (
			);
			runOnlyForDeploymentPostprocessing = 0;
		};
/* End PBXFrameworksBuildPhase section */

/* Begin PBXGroup section */
		CDFC76201FEB809400CC1A58 = {
			isa = PBXGroup;
			children = (
				CDFC762B1FEB809400CC1A58 /* JeonMiSeon_Final */,
				CDFC762A1FEB809400CC1A58 /* Products */,
			);
			sourceTree = "<group>";
		};
		CDFC762A1FEB809400CC1A58 /* Products */ = {
			isa = PBXGroup;
			children = (
				CDFC76291FEB809400CC1A58 /* JeonMiSeon_Final.app */,
			);
			name = Products;
			sourceTree = "<group>";
		};
		CDFC762B1FEB809400CC1A58 /* JeonMiSeon_Final */ = {
			isa = PBXGroup;
			children = (
				CDFC762C1FEB809400CC1A58 /* AppDelegate.swift */,
				CDFC76321FEB809400CC1A58 /* Main.storyboard */,
				CDFC76351FEB809400CC1A58 /* Assets.xcassets */,
				CDFC76371FEB809400CC1A58 /* LaunchScreen.storyboard */,
				CDFC763A1FEB809400CC1A58 /* Info.plist */,
				CDFC76401FEE740200CC1A58 /* AddViewController.swift */,
				CDFC76421FEE770D00CC1A58 /* MoneyTableViewController.swift */,
			);
			path = JeonMiSeon_Final;
			sourceTree = "<group>";
		};
/* End PBXGroup section */

/* Begin PBXNativeTarget section */
		CDFC76281FEB809400CC1A58 /* JeonMiSeon_Final */ = {
			isa = PBXNativeTarget;
			buildConfigurationList = CDFC763D1FEB809400CC1A58 /* Build configuration list for PBXNativeTarget "JeonMiSeon_Final" */;
			buildPhases = (
				CDFC76251FEB809400CC1A58 /* Sources */,
				CDFC76261FEB809400CC1A58 /* Frameworks */,
				CDFC76271FEB809400CC1A58 /* Resources */,
			);
			buildRules = (
			);
			dependencies = (
			);
			name = JeonMiSeon_Final;
			productName = JeonMiSeon_Final;
			productReference = CDFC76291FEB809400CC1A58 /* JeonMiSeon_Final.app */;
			productType = "com.apple.product-type.application";
		};
/* End PBXNativeTarget section */

/* Begin PBXProject section */
		CDFC76211FEB809400CC1A58 /* Project object */ = {
			isa = PBXProject;
			attributes = {
				LastSwiftUpdateCheck = 0820;
				LastUpgradeCheck = 0820;
				ORGANIZATIONNAME = SWUCOMPUTER;
				TargetAttributes = {
					CDFC76281FEB809400CC1A58 = {
						CreatedOnToolsVersion = 8.2.1;
						ProvisioningStyle = Automatic;
					};
				};
			};
			buildConfigurationList = CDFC76241FEB809400CC1A58 /* Build configuration list for PBXProject "JeonMiSeon_Final" */;
			compatibilityVersion = "Xcode 3.2";
			developmentRegion = English;
			hasScannedForEncodings = 0;
			knownRegions = (
				en,
				Base,
			);
			mainGroup = CDFC76201FEB809400CC1A58;
			productRefGroup = CDFC762A1FEB809400CC1A58 /* Products */;
			projectDirPath = "";
			projectRoot = "";
			targets = (
				CDFC76281FEB809400CC1A58 /* JeonMiSeon_Final */,
			);
		};
/* End PBXProject section */

/* Begin PBXResourcesBuildPhase section */
		CDFC76271FEB809400CC1A58 /* Resources */ = {
			isa = PBXResourcesBuildPhase;
			buildActionMask = 2147483647;
			files = (
				CDFC76391FEB809400CC1A58 /* LaunchScreen.storyboard in Resources */,
				CDFC76361FEB809400CC1A58 /* Assets.xcassets in Resources */,
				CDFC76341FEB809400CC1A58 /* Main.storyboard in Resources */,
			);
			runOnlyForDeploymentPostprocessing = 0;
		};
/* End PBXResourcesBuildPhase section */

/* Begin PBXSourcesBuildPhase section */
		CDFC76251FEB809400CC1A58 /* Sources */ = {
			isa = PBXSourcesBuildPhase;
			buildActionMask = 2147483647;
			files = (
				CDFC76431FEE770D00CC1A58 /* MoneyTableViewController.swift in Sources */,
				CDFC76411FEE740200CC1A58 /* AddViewController.swift in Sources */,
				CDFC762D1FEB809400CC1A58 /* AppDelegate.swift in Sources */,
			);
			runOnlyForDeploymentPostprocessing = 0;
		};
/* End PBXSourcesBuildPhase section */

/* Begin PBXVariantGroup section */
		CDFC76321FEB809400CC1A58 /* Main.storyboard */ = {
			isa = PBXVariantGroup;
			children = (
				CDFC76331FEB809400CC1A58 /* Base */,
			);
			name = Main.storyboard;
			sourceTree = "<group>";
		};
		CDFC76371FEB809400CC1A58 /* LaunchScreen.storyboard */ = {
			isa = PBXVariantGroup;
			children = (
				CDFC76381FEB809400CC1A58 /* Base */,
			);
			name = LaunchScreen.storyboard;
			sourceTree = "<group>";
		};
/* End PBXVariantGroup section */

/* Begin XCBuildConfiguration section */
		CDFC763B1FEB809400CC1A58 /* Debug */ = {
			isa = XCBuildConfiguration;
			buildSettings = {
				ALWAYS_SEARCH_USER_PATHS = NO;
				CLANG_ANALYZER_NONNULL = YES;
				CLANG_CXX_LANGUAGE_STANDARD = "gnu++0x";
				CLANG_CXX_LIBRARY = "libc++";
				CLANG_ENABLE_MODULES = YES;
				CLANG_ENABLE_OBJC_ARC = YES;
				CLANG_WARN_BOOL_CONVERSION = YES;
				CLANG_WARN_CONSTANT_CONVERSION = YES;
				CLANG_WARN_DIRECT_OBJC_ISA_USAGE = YES_ERROR;
				CLANG_WARN_DOCUMENTATION_COMMENTS = YES;
				CLANG_WARN_EMPTY_BODY = YES;
				CLANG_WARN_ENUM_CONVERSION = YES;
				CLANG_WARN_INFINITE_RECURSION = YES;
				CLANG_WARN_INT_CONVERSION = YES;
				CLANG_WARN_OBJC_ROOT_CLASS = YES_ERROR;
				CLANG_WARN_SUSPICIOUS_MOVE = YES;
				CLANG_WARN_UNREACHABLE_CODE = YES;
				CLANG_WARN__DUPLICATE_METHOD_MATCH = YES;
				"CODE_SIGN_IDENTITY[sdk=iphoneos*]" = "iPhone Developer";
				COPY_PHASE_STRIP = NO;
				DEBUG_INFORMATION_FORMAT = dwarf;
				ENABLE_STRICT_OBJC_MSGSEND = YES;
				ENABLE_TESTABILITY = YES;
				GCC_C_LANGUAGE_STANDARD = gnu99;
				GCC_DYNAMIC_NO_PIC = NO;
				GCC_NO_COMMON_BLOCKS = YES;
				GCC_OPTIMIZATION_LEVEL = 0;
				GCC_PREPROCESSOR_DEFINITIONS = (
					"DEBUG=1",
					"$(inherited)",
				);
				GCC_WARN_64_TO_32_BIT_CONVERSION = YES;
				GCC_WARN_ABOUT_RETURN_TYPE = YES_ERROR;
				GCC_WARN_UNDECLARED_SELECTOR = YES;
				GCC_WARN_UNINITIALIZED_AUTOS = YES_AGGRESSIVE;
				GCC_WARN_UNUSED_FUNCTION = YES;
				GCC_WARN_UNUSED_VARIABLE = YES;
				IPHONEOS_DEPLOYMENT_TARGET = 10.2;
				MTL_ENABLE_DEBUG_INFO = YES;
				ONLY_ACTIVE_ARCH = YES;
				SDKROOT = iphoneos;
				SWIFT_ACTIVE_COMPILATION_CONDITIONS = DEBUG;
				SWIFT_OPTIMIZATION_LEVEL = "-Onone";
			};
			name = Debug;
		};
		CDFC763C1FEB809400CC1A58 /* Release */ = {
			isa = XCBuildConfiguration;
			buildSettings = {
				ALWAYS_SEARCH_USER_PATHS = NO;
				CLANG_ANALYZER_NONNULL = YES;
				CLANG_CXX_LANGUAGE_STANDARD = "gnu++0x";
				CLANG_CXX_LIBRARY = "libc++";
				CLANG_ENABLE_MODULES = YES;
				CLANG_ENABLE_OBJC_ARC = YES;
				CLANG_WARN_BOOL_CONVERSION = YES;
				CLANG_WARN_CONSTANT_CONVERSION = YES;
				CLANG_WARN_DIRECT_OBJC_ISA_USAGE = YES_ERROR;
				CLANG_WARN_DOCUMENTATION_COMMENTS = YES;
				CLANG_WARN_EMPTY_BODY = YES;
				CLANG_WARN_ENUM_CONVERSION = YES;
				CLANG_WARN_INFINITE_RECURSION = YES;
				CLANG_WARN_INT_CONVERSION = YES;
				CLANG_WARN_OBJC_ROOT_CLASS = YES_ERROR;
				CLANG_WARN_SUSPICIOUS_MOVE = YES;
				CLANG_WARN_UNREACHABLE_CODE = YES;
				CLANG_WARN__DUPLICATE_METHOD_MATCH = YES;
				"CODE_SIGN_IDENTITY[sdk=iphoneos*]" = "iPhone Developer";
				COPY_PHASE_STRIP = NO;
				DEBUG_INFORMATION_FORMAT = "dwarf-with-dsym";
				ENABLE_NS_ASSERTIONS = NO;
				ENABLE_STRICT_OBJC_MSGSEND = YES;
				GCC_C_LANGUAGE_STANDARD = gnu99;
				GCC_NO_COMMON_BLOCKS = YES;
				GCC_WARN_64_TO_32_BIT_CONVERSION = YES;
				GCC_WARN_ABOUT_RETURN_TYPE = YES_ERROR;
				GCC_WARN_UNDECLARED_SELECTOR = YES;
				GCC_WARN_UNINITIALIZED_AUTOS = YES_AGGRESSIVE;
				GCC_WARN_UNUSED_FUNCTION = YES;
				GCC_WARN_UNUSED_VARIABLE = YES;
				IPHONEOS_DEPLOYMENT_TARGET = 10.2;
				MTL_ENABLE_DEBUG_INFO = NO;
				SDKROOT = iphoneos;
				SWIFT_OPTIMIZATION_LEVEL = "-Owholemodule";
				VALIDATE_PRODUCT = YES;
			};
			name = Release;
		};
		CDFC763E1FEB809400CC1A58 /* Debug */ = {
			isa = XCBuildConfiguration;
			buildSettings = {
				ASSETCATALOG_COMPILER_APPICON_NAME = AppIcon;
				INFOPLIST_FILE = JeonMiSeon_Final/Info.plist;
				LD_RUNPATH_SEARCH_PATHS = "$(inherited) @executable_path/Frameworks";
				PRODUCT_BUNDLE_IDENTIFIER = "swu.ac.kr.JeonMiSeon-Final";
				PRODUCT_NAME = "$(TARGET_NAME)";
				SWIFT_VERSION = 3.0;
			};
			name = Debug;
		};
		CDFC763F1FEB809400CC1A58 /* Release */ = {
			isa = XCBuildConfiguration;
			buildSettings = {
				ASSETCATALOG_COMPILER_APPICON_NAME = AppIcon;
				INFOPLIST_FILE = JeonMiSeon_Final/Info.plist;
				LD_RUNPATH_SEARCH_PATHS = "$(inherited) @executable_path/Frameworks";
				PRODUCT_BUNDLE_IDENTIFIER = "swu.ac.kr.JeonMiSeon-Final";
				PRODUCT_NAME = "$(TARGET_NAME)";
				SWIFT_VERSION = 3.0;
			};
			name = Release;
		};
/* End XCBuildConfiguration section */

/* Begin XCConfigurationList section */
		CDFC76241FEB809400CC1A58 /* Build configuration list for PBXProject "JeonMiSeon_Final" */ = {
			isa = XCConfigurationList;
			buildConfigurations = (
				CDFC763B1FEB809400CC1A58 /* Debug */,
				CDFC763C1FEB809400CC1A58 /* Release */,
			);
			defaultConfigurationIsVisible = 0;
			defaultConfigurationName = Release;
		};
		CDFC763D1FEB809400CC1A58 /* Build configuration list for PBXNativeTarget "JeonMiSeon_Final" */ = {
			isa = XCConfigurationList;
			buildConfigurations = (
				CDFC763E1FEB809400CC1A58 /* Debug */,
				CDFC763F1FEB809400CC1A58 /* Release */,
			);
			defaultConfigurationIsVisible = 0;
		};
/* End XCConfigurationList section */
	};
	rootObject = CDFC76211FEB809400CC1A58 /* Project object */;
}
